github.com/brunoga/heap v0.0.0-20250923123625-19a67cacbe65 h1:i5u8tMHmpKITtYmyk1hfMeOb3PM+4pEUu+iqFxPHLXY=
github.com/brunoga/heap v0.0.0-20250923123625-19a67cacbe65/go.mod h1:BLsX0mrMu1reHZEWl+iiTPPa86nDzX4a17bEWpePFDg=
github.com/brunoga/heap v1.0.0 h1:Em0QGpARz60ky0ii4AoIGoJ5on5/DSdTV/uKuO2eEoQ=
github.com/brunoga/heap v1.0.0/go.mod h1:BLsX0mrMu1reHZEWl+iiTPPa86nDzX4a17bEWpePFDg=
